
Microsoft Visual Studio Solution File, Format Version 12.00
# Visual Studio Version 16
VisualStudioVersion = 16.0.30225.117
MinimumVisualStudioVersion = 10.0.40219.1
Project("{FAE04EC0-301F-11D3-BF4B-00C04F79EFBC}") = "Model", "Model\Model.csproj", "{A49C6FC4-E8A7-49B9-A5B7-E04B925CE162}"
EndProject
Project("{FAE04EC0-301F-11D3-BF4B-00C04F79EFBC}") = "Server", "Server\Server.csproj", "{D1D8F846-895D-4819-A4FF-EE179E03D2CC}"
EndProject
Project("{FAE04EC0-301F-11D3-BF4B-00C04F79EFBC}") = "Client", "Client\Client.csproj", "{C818A76B-2952-4911-AE43-0A903B4239BD}"
EndProject
Global
	GlobalSection(SolutionConfigurationPlatforms) = preSolution
		Debug|Any CPU = Debug|Any CPU
		Release|Any CPU = Release|Any CPU
	EndGlobalSection
	GlobalSection(ProjectConfigurationPlatforms) = postSolution
		{A49C6FC4-E8A7-49B9-A5B7-E04B925CE162}.Debug|Any CPU.ActiveCfg = Debug|Any CPU
		{A49C6FC4-E8A7-49B9-A5B7-E04B925CE162}.Debug|Any CPU.Build.0 = Debug|Any CPU
		{A49C6FC4-E8A7-49B9-A5B7-E04B925CE162}.Release|Any CPU.ActiveCfg = Release|Any CPU
		{A49C6FC4-E8A7-49B9-A5B7-E04B925CE162}.Release|Any CPU.Build.0 = Release|Any CPU
		{D1D8F846-895D-4819-A4FF-EE179E03D2CC}.Debug|Any CPU.ActiveCfg = Debug|Any CPU
		{D1D8F846-895D-4819-A4FF-EE179E03D2CC}.Debug|Any CPU.Build.0 = Debug|Any CPU
		{D1D8F846-895D-4819-A4FF-EE179E03D2CC}.Release|Any CPU.ActiveCfg = Release|Any CPU
		{D1D8F846-895D-4819-A4FF-EE179E03D2CC}.Release|Any CPU.Build.0 = Release|Any CPU
		{C818A76B-2952-4911-AE43-0A903B4239BD}.Debug|Any CPU.ActiveCfg = Debug|Any CPU
		{C818A76B-2952-4911-AE43-0A903B4239BD}.Debug|Any CPU.Build.0 = Debug|Any CPU
		{C818A76B-2952-4911-AE43-0A903B4239BD}.Release|Any CPU.ActiveCfg = Release|Any CPU
		{C818A76B-2952-4911-AE43-0A903B4239BD}.Release|Any CPU.Build.0 = Release|Any CPU
	EndGlobalSection
	GlobalSection(SolutionProperties) = preSolution
		HideSolutionNode = FALSE
	EndGlobalSection
	GlobalSection(ExtensibilityGlobals) = postSolution
		SolutionGuid = {5552CC16-7ACD-4ED0-9D46-ECACD54B43EA}
	EndGlobalSection
EndGlobal
